{
  "nodes": {
    "home-manager": {
      "inputs": {
        "nixpkgs": "nixpkgs"
      },
      "locked": {
        "lastModified": 1720042825,
        "narHash": "sha256-A0vrUB6x82/jvf17qPCpxaM+ulJnD8YZwH9Ci0BsAzE=",
        "owner": "nix-community",
        "repo": "home-manager",
        "rev": "e1391fb22e18a36f57e6999c7a9f966dc80ac073",
        "type": "github"
      },
      "original": {
        "owner": "nix-community",
        "ref": "release-24.05",
        "repo": "home-manager",
        "type": "github"
      }
    },
    "nixpkgs": {
      "locked": {
        "lastModified": 1716542732,
        "narHash": "sha256-0Y9fRr0CUqWT4KgBITmaGwlnNIGMYuydu2L8iLTfHU4=",
        "owner": "NixOS",
        "repo": "nixpkgs",
        "rev": "d12251ef6e8e6a46e05689eeccd595bdbd3c9e60",
        "type": "github"
      },
      "original": {
        "owner": "NixOS",
        "ref": "nixos-24.05",
        "repo": "nixpkgs",
        "type": "github"
      }
    },
    "nixpkgs_2": {
      "locked": {
        "lastModified": 1724531977,
        "narHash": "sha256-XROVLf9ti4rrNCFLr+DmXRZtPjCQTW4cYy59owTEmxk=",
        "owner": "nixos",
        "repo": "nixpkgs",
        "rev": "2527da1ef492c495d5391f3bcf9c1dd9f4514e32",
        "type": "github"
      },
      "original": {
        "owner": "nixos",
        "ref": "nixos-24.05",
        "repo": "nixpkgs",
        "type": "github"
      }
    },
    "nixpkgs_3": {
      "locked": {
        "lastModified": 1724479785,
        "narHash": "sha256-pP3Azj5d6M5nmG68Fu4JqZmdGt4S4vqI5f8te+E/FTw=",
        "owner": "nixos",
        "repo": "nixpkgs",
        "rev": "d0e1602ddde669d5beb01aec49d71a51937ed7be",
        "type": "github"
      },
      "original": {
        "owner": "nixos",
        "ref": "nixos-unstable",
        "repo": "nixpkgs",
        "type": "github"
      }
    },
    "root": {
      "inputs": {
        "home-manager": "home-manager",
        "nixpkgs": "nixpkgs_2",
        "zen-browser": "zen-browser"
      }
    },
    "zen-browser": {
      "inputs": {
        "nixpkgs": "nixpkgs_3"
      },
      "locked": {
        "lastModified": 1724856811,
        "narHash": "sha256-M5aWax0KbB8moT3KpnHewN0c3brVUoz5CLK12O668bo=",
        "owner": "MarceColl",
        "repo": "zen-browser-flake",
        "rev": "e1313b2db7d3cd6c21d3dd2ecf8e5a0b5eebacde",
        "type": "github"
      },
      "original": {
        "owner": "MarceColl",
        "repo": "zen-browser-flake",
        "type": "github"
      }
    }
  },
  "root": "root",
  "version": 7
}
