{
  "nodes": {
    "home-manager": {
      "inputs": {
        "nixpkgs": [
          "nixpkgs"
        ]
      },
      "locked": {
        "lastModified": 1753592768,
        "narHash": "sha256-oV695RvbAE4+R9pcsT9shmp6zE/+IZe6evHWX63f2Qg=",
        "owner": "nix-community",
        "repo": "home-manager",
        "rev": "fc3add429f21450359369af74c2375cb34a2d204",
        "type": "github"
      },
      "original": {
        "owner": "nix-community",
        "ref": "release-25.05",
        "repo": "home-manager",
        "type": "github"
      }
    },
    "home-manager_2": {
      "inputs": {
        "nixpkgs": [
          "zen-browser",
          "nixpkgs"
        ]
      },
      "locked": {
        "lastModified": 1754613544,
        "narHash": "sha256-ueR1mGX4I4DWfDRRxxMphbKDNisDeMPMusN72VV1+cc=",
        "owner": "nix-community",
        "repo": "home-manager",
        "rev": "cc2fa2331aebf9661d22bb507d362b39852ac73f",
        "type": "github"
      },
      "original": {
        "owner": "nix-community",
        "repo": "home-manager",
        "type": "github"
      }
    },
    "nixpkgs": {
      "locked": {
        "lastModified": 1754563854,
        "narHash": "sha256-YzNTExe3kMY9lYs23mZR7jsVHe5TWnpwNrsPOpFs/b8=",
        "owner": "nixos",
        "repo": "nixpkgs",
        "rev": "e728d7ae4bb6394bbd19eec52b7358526a44c414",
        "type": "github"
      },
      "original": {
        "owner": "nixos",
        "ref": "nixos-25.05",
        "repo": "nixpkgs",
        "type": "github"
      }
    },
    "nixpkgs-unstable": {
      "locked": {
        "lastModified": 1739866667,
        "narHash": "sha256-EO1ygNKZlsAC9avfcwHkKGMsmipUk1Uc0TbrEZpkn64=",
        "owner": "nixos",
        "repo": "nixpkgs",
        "rev": "73cf49b8ad837ade2de76f87eb53fc85ed5d4680",
        "type": "github"
      },
      "original": {
        "owner": "nixos",
        "ref": "nixos-unstable",
        "repo": "nixpkgs",
        "type": "github"
      }
    },
    "root": {
      "inputs": {
        "home-manager": "home-manager",
        "nixpkgs": "nixpkgs",
        "nixpkgs-unstable": "nixpkgs-unstable",
        "zen-browser": "zen-browser"
      }
    },
    "zen-browser": {
      "inputs": {
        "home-manager": "home-manager_2",
        "nixpkgs": [
          "nixpkgs"
        ]
      },
      "locked": {
        "lastModified": 1754624672,
        "narHash": "sha256-ouUU+UZJpSQZ4jCvbF5JVq+4FLqy7O1W+ineXguTPMA=",
        "owner": "0xc000022070",
        "repo": "zen-browser-flake",
        "rev": "ab485da9e2a1ae4f8b55b59f88e3c13e74dcb464",
        "type": "github"
      },
      "original": {
        "owner": "0xc000022070",
        "repo": "zen-browser-flake",
        "type": "github"
      }
    }
  },
  "root": "root",
  "version": 7
}
